# This file is automatically @generated by Cargo.
# It is not intended for manual editing.
version = 3

[[package]]
name = "autocfg"
version = "1.1.0"
source = "registry+https://github.com/rust-lang/crates.io-index"
checksum = "d468802bab17cbc0cc575e9b053f41e72aa36bfa6b7f55e3529ffa43161b97fa"

[[package]]
name = "bitflags"
version = "2.4.0"
source = "registry+https://github.com/rust-lang/crates.io-index"
checksum = "b4682ae6287fcf752ecaabbfcc7b6f9b72aa33933dc23a554d853aea8eea8635"

[[package]]
name = "buddy_system_allocator"
version = "0.9.0"
source = "registry+https://github.com/rust-lang/crates.io-index"
checksum = "43f9365b6b0c9e1663ca4ca9440c00eda46bc85a3407070be8b5e0d8d1f29629"
dependencies = [
 "spin 0.9.8",
]

[[package]]
name = "cfg-if"
version = "1.0.0"
source = "registry+https://github.com/rust-lang/crates.io-index"
checksum = "baf1de4339761588bc0619e3cbc0120ee582ebb74b53b4efbf79117bd2da40fd"

[[package]]
name = "convert_case"
version = "0.4.0"
source = "registry+https://github.com/rust-lang/crates.io-index"
checksum = "6245d59a3e82a7fc217c5828a6692dbc6dfb63a0c8c90495621f7b9d79704a0e"

[[package]]
name = "derive_more"
version = "0.99.17"
source = "registry+https://github.com/rust-lang/crates.io-index"
checksum = "4fb810d30a7c1953f91334de7244731fc3f3c10d7fe163338a35b9f640960321"
dependencies = [
 "convert_case",
 "proc-macro2",
 "quote",
 "rustc_version",
 "syn 1.0.109",
]

[[package]]
name = "gimli"
version = "0.26.2"
source = "registry+https://github.com/rust-lang/crates.io-index"
checksum = "22030e2c5a68ec659fde1e949a745124b48e6fa8b045b7ed5bd1fe4ccc5c4e5d"

[[package]]
name = "lazy_static"
version = "1.4.0"
source = "registry+https://github.com/rust-lang/crates.io-index"
checksum = "e2abad23fbc42b3700f2f279844dc832adb2b2eb069b2df918f455c4e18cc646"
dependencies = [
 "spin 0.5.2",
]

[[package]]
name = "libc"
version = "0.2.147"
source = "registry+https://github.com/rust-lang/crates.io-index"
checksum = "b4668fb0ea861c1df094127ac5f1da3409a82116a4ba74fca2e58ef927159bb3"

[[package]]
name = "lock_api"
version = "0.4.10"
source = "registry+https://github.com/rust-lang/crates.io-index"
checksum = "c1cc9717a20b1bb222f333e6a92fd32f7d8a18ddc5a3191a11af45dcbf4dcd16"
dependencies = [
 "autocfg",
 "scopeguard",
]

[[package]]
name = "ms_hostcall"
version = "0.1.0"
dependencies = [
 "bitflags",
 "derive_more",
 "thiserror",
]

[[package]]
name = "ms_std"
version = "0.1.0"
dependencies = [
 "buddy_system_allocator",
 "cfg-if",
 "lazy_static",
 "ms_hostcall",
 "ms_std_proc_macro",
 "unwinding",
]

[[package]]
name = "ms_std_proc_macro"
version = "0.1.0"
dependencies = [
 "proc-macro2",
 "quote",
 "syn 2.0.23",
]

[[package]]
name = "proc-macro2"
version = "1.0.66"
source = "registry+https://github.com/rust-lang/crates.io-index"
checksum = "18fb31db3f9bddb2ea821cde30a9f70117e3f119938b5ee630b7403aa6e2ead9"
dependencies = [
 "unicode-ident",
]

[[package]]
name = "quote"
version = "1.0.32"
source = "registry+https://github.com/rust-lang/crates.io-index"
checksum = "50f3b39ccfb720540debaa0164757101c08ecb8d326b15358ce76a62c7e85965"
dependencies = [
 "proc-macro2",
]

[[package]]
name = "rustc_version"
version = "0.4.0"
source = "registry+https://github.com/rust-lang/crates.io-index"
checksum = "bfa0f585226d2e68097d4f95d113b15b83a82e819ab25717ec0590d9584ef366"
dependencies = [
 "semver",
]

[[package]]
name = "scopeguard"
version = "1.1.0"
source = "registry+https://github.com/rust-lang/crates.io-index"
checksum = "d29ab0c6d3fc0ee92fe66e2d99f700eab17a8d57d1c1d3b748380fb20baa78cd"

[[package]]
name = "semver"
version = "1.0.17"
source = "registry+https://github.com/rust-lang/crates.io-index"
checksum = "bebd363326d05ec3e2f532ab7660680f3b02130d780c299bca73469d521bc0ed"

[[package]]
name = "simple_file"
version = "0.1.0"
dependencies = [
 "ms_hostcall",
 "ms_std",
 "ms_std_proc_macro",
]

[[package]]
name = "spin"
version = "0.5.2"
source = "registry+https://github.com/rust-lang/crates.io-index"
checksum = "6e63cff320ae2c57904679ba7cb63280a3dc4613885beafb148ee7bf9aa9042d"

[[package]]
name = "spin"
version = "0.9.8"
source = "registry+https://github.com/rust-lang/crates.io-index"
checksum = "6980e8d7511241f8acf4aebddbb1ff938df5eebe98691418c4468d0b72a96a67"
dependencies = [
 "lock_api",
]

[[package]]
name = "syn"
version = "1.0.109"
source = "registry+https://github.com/rust-lang/crates.io-index"
checksum = "72b64191b275b66ffe2469e8af2c1cfe3bafa67b529ead792a6d0160888b4237"
dependencies = [
 "proc-macro2",
 "quote",
 "unicode-ident",
]

[[package]]
name = "syn"
version = "2.0.23"
source = "registry+https://github.com/rust-lang/crates.io-index"
checksum = "59fb7d6d8281a51045d62b8eb3a7d1ce347b76f312af50cd3dc0af39c87c1737"
dependencies = [
 "proc-macro2",
 "quote",
 "unicode-ident",
]

[[package]]
name = "thiserror"
version = "1.0.47"
source = "registry+https://github.com/rust-lang/crates.io-index"
checksum = "97a802ec30afc17eee47b2855fc72e0c4cd62be9b4efe6591edde0ec5bd68d8f"
dependencies = [
 "thiserror-impl",
]

[[package]]
name = "thiserror-impl"
version = "1.0.47"
source = "registry+https://github.com/rust-lang/crates.io-index"
checksum = "6bb623b56e39ab7dcd4b1b98bb6c8f8d907ed255b18de254088016b27a8ee19b"
dependencies = [
 "proc-macro2",
 "quote",
 "syn 2.0.23",
]

[[package]]
name = "unicode-ident"
version = "1.0.10"
source = "registry+https://github.com/rust-lang/crates.io-index"
checksum = "22049a19f4a68748a168c0fc439f9516686aa045927ff767eca0a85101fb6e73"

[[package]]
name = "unwinding"
version = "0.2.0"
source = "registry+https://github.com/rust-lang/crates.io-index"
checksum = "4ee215fc0991fb587275819562685254302112d0b7c8d25e635655526c0ecdc6"
dependencies = [
 "gimli",
 "libc",
]
